
Microsoft Visual Studio Solution File, Format Version 12.00
# Visual Studio 15
VisualStudioVersion = 15.0.28307.902
MinimumVisualStudioVersion = 10.0.40219.1
Project("{FAE04EC0-301F-11D3-BF4B-00C04F79EFBC}") = "UpWork", "UpWork\UpWork.csproj", "{853EA1BC-909F-4FBF-8F6A-788B6302F08B}"
EndProject
Project("{FAE04EC0-301F-11D3-BF4B-00C04F79EFBC}") = "PageObjects", "PageObjects\PageObjects.csproj", "{C26F9ADA-E0BE-4329-A603-BCF0FC4F13DB}"
EndProject
Global
	GlobalSection(SolutionConfigurationPlatforms) = preSolution
		Debug|Any CPU = Debug|Any CPU
		Release|Any CPU = Release|Any CPU
	EndGlobalSection
	GlobalSection(ProjectConfigurationPlatforms) = postSolution
		{853EA1BC-909F-4FBF-8F6A-788B6302F08B}.Debug|Any CPU.ActiveCfg = Debug|Any CPU
		{853EA1BC-909F-4FBF-8F6A-788B6302F08B}.Debug|Any CPU.Build.0 = Debug|Any CPU
		{853EA1BC-909F-4FBF-8F6A-788B6302F08B}.Release|Any CPU.ActiveCfg = Release|Any CPU
		{853EA1BC-909F-4FBF-8F6A-788B6302F08B}.Release|Any CPU.Build.0 = Release|Any CPU
		{C26F9ADA-E0BE-4329-A603-BCF0FC4F13DB}.Debug|Any CPU.ActiveCfg = Debug|Any CPU
		{C26F9ADA-E0BE-4329-A603-BCF0FC4F13DB}.Debug|Any CPU.Build.0 = Debug|Any CPU
		{C26F9ADA-E0BE-4329-A603-BCF0FC4F13DB}.Release|Any CPU.ActiveCfg = Release|Any CPU
		{C26F9ADA-E0BE-4329-A603-BCF0FC4F13DB}.Release|Any CPU.Build.0 = Release|Any CPU
	EndGlobalSection
	GlobalSection(SolutionProperties) = preSolution
		HideSolutionNode = FALSE
	EndGlobalSection
	GlobalSection(ExtensibilityGlobals) = postSolution
		SolutionGuid = {3F6634C9-B5C4-4295-AAB1-DB9BF75F79E3}
	EndGlobalSection
EndGlobal
